
Microsoft Visual Studio Solution File, Format Version 12.00
# Visual Studio Version 17
VisualStudioVersion = 17.10.35013.160
MinimumVisualStudioVersion = 10.0.40219.1
Project("{FAE04EC0-301F-11D3-BF4B-00C04F79EFBC}") = "Lab1", "Lab1\Lab1.csproj", "{0B6151A8-509E-4784-AB76-EAA9885AAA90}"
EndProject
Global
	GlobalSection(SolutionConfigurationPlatforms) = preSolution
		Debug|Any CPU = Debug|Any CPU
		Release|Any CPU = Release|Any CPU
	EndGlobalSection
	GlobalSection(ProjectConfigurationPlatforms) = postSolution
		{0B6151A8-509E-4784-AB76-EAA9885AAA90}.Debug|Any CPU.ActiveCfg = Debug|Any CPU
		{0B6151A8-509E-4784-AB76-EAA9885AAA90}.Debug|Any CPU.Build.0 = Debug|Any CPU
		{0B6151A8-509E-4784-AB76-EAA9885AAA90}.Release|Any CPU.ActiveCfg = Release|Any CPU
		{0B6151A8-509E-4784-AB76-EAA9885AAA90}.Release|Any CPU.Build.0 = Release|Any CPU
	EndGlobalSection
	GlobalSection(SolutionProperties) = preSolution
		HideSolutionNode = FALSE
	EndGlobalSection
	GlobalSection(ExtensibilityGlobals) = postSolution
		SolutionGuid = {48E628C1-C5CD-4E94-BA07-335B5E0E7AAD}
	EndGlobalSection
EndGlobal
